{
  "name": "webpack4-ejs",
  "version": "1.0.0",
  "lockfileVersion": 1,
  "requires": true,
  "dependencies": {
    "@babel/runtime": {
      "version": "7.9.2",
      "resolved": "https://registry.npm.taobao.org/@babel/runtime/download/@babel/runtime-7.9.2.tgz?cache=0&other_urls=https%3A%2F%2Fregistry.npm.taobao.org%2F%40babel%2Fruntime%2Fdownload%2F%40babel%2Fruntime-7.9.2.tgz",
      "integrity": "sha1-2Q3wWDo6JS8JqqYZZlNnuuUY2wY=",
      "requires": {
        "regenerator-runtime": "^0.13.4"
      }
    },
    "@babel/runtime-corejs3": {
      "version": "7.9.2",
      "resolved": "https://registry.npm.taobao.org/@babel/runtime-corejs3/download/@babel/runtime-corejs3-7.9.2.tgz",
      "integrity": "sha1-Jv5Kp36fHs75t3ZVm7uOhNNChLc=",
      "requires": {
        "core-js-pure": "^3.0.0",
        "regenerator-runtime": "^0.13.4"
      }
    },
    "core-js-pure": {
      "version": "3.6.5",
      "resolved": "https://registry.npm.taobao.org/core-js-pure/download/core-js-pure-3.6.5.tgz",
      "integrity": "sha1-x5519eONvIWmYtke6lK4JW1TuBM="
    },
    "regenerator-runtime": {
      "version": "0.13.5",
      "resolved": "https://registry.npm.taobao.org/regenerator-runtime/download/regenerator-runtime-0.13.5.tgz",
      "integrity": "sha1-2Hih0JS0MG0QuQlkhLM+vVXiZpc="
    }
  }
}
